Microsoft Visual Studio Solution File, Format Version 12.00
# Visual Studio Version 17
VisualStudioVersion = 17.5.2.0
MinimumVisualStudioVersion = 10.0.40219.1
Project("{FAE04EC0-301F-11D3-BF4B-00C04F79EFBC}") = "Lab2Threads", "Lab2Threads.csproj", "{24F94595-C1FF-F254-1868-FA539BF0689B}"
EndProject
Global
	GlobalSection(SolutionConfigurationPlatforms) = preSolution
		Debug|Any CPU = Debug|Any CPU
		Release|Any CPU = Release|Any CPU
	EndGlobalSection
	GlobalSection(ProjectConfigurationPlatforms) = postSolution
		{24F94595-C1FF-F254-1868-FA539BF0689B}.Debug|Any CPU.ActiveCfg = Debug|Any CPU
		{24F94595-C1FF-F254-1868-FA539BF0689B}.Debug|Any CPU.Build.0 = Debug|Any CPU
		{24F94595-C1FF-F254-1868-FA539BF0689B}.Release|Any CPU.ActiveCfg = Release|Any CPU
		{24F94595-C1FF-F254-1868-FA539BF0689B}.Release|Any CPU.Build.0 = Release|Any CPU
	EndGlobalSection
	GlobalSection(SolutionProperties) = preSolution
		HideSolutionNode = FALSE
	EndGlobalSection
	GlobalSection(ExtensibilityGlobals) = postSolution
		SolutionGuid = {AFA5815F-FC1F-4903-A2CF-917BD276E6A1}
	EndGlobalSection
EndGlobal
